lockfileVersion: '9.0'

settings:
  autoInstallPeers: false
  excludeLinksFromLockfile: false

importers:

  .:
    devDependencies:
      '@deepseek-ai/dsh-client-ui-settings':
        specifier: 0.1.7-rc.2
        version: 0.1.7-rc.2
      '@deepseek-ai/dsh-client-ui-slots':
        specifier: 0.1.7-rc.2
        version: 0.1.7-rc.2
      '@deepseek-ai/schemastery':
        specifier: ^3.18.4
        version: 3.18.4
      yaml:
        specifier: ^2.9.1
        version: 2.9.1

packages:

  '@deepseek-ai/cosmokit@1.8.5':
    resolution: {integrity: sha512-LXsrlem9z8dq4sLflj2yuCuYX7KqhdzF5hZly3eZyuTo8d6oDSOXuEgC5DbQWKW+lksm6zmOutQLsP/ma6wR6A==}

  '@deepseek-ai/dsh-client-ui-settings@0.1.7-rc.2':
    resolution: {integrity: sha512-RAZXUt25mVibi2fnZyHhRArAtmNYIbyEUcAx/nc0i01V8dabnZkUCuGDRLjUeB4X6aPAOrlqLCliNcATuHD+hw==}
    peerDependencies:
      '@deepseek-ai/cordis': ~4.0.4

  '@deepseek-ai/dsh-client-ui-slots@0.1.7-rc.2':
    resolution: {integrity: sha512-83cd5owHfNMGIc5THEkMw1L6iKj/tl2m3thQhVGWp2p3Y+QAPh2hIrIQCNI+i97cH+7SsIsUIoCIoB0mu51aqQ==}
    peerDependencies:
      '@deepseek-ai/cordis': ~4.0.4

  '@deepseek-ai/schemastery@3.18.4':
    resolution: {integrity: sha512-SSXO6tYuyrIqKVbmOnIq0s+riUywYzouFMcnBluHF9n4KMo2G8HvEzhCYj6pj2617/glOjbJuVInJ9hfONsjkg==}

  '@standard-schema/spec@1.1.0':
    resolution: {integrity: sha512-l2aFy5jALhniG5HgqrD6jXLi/rUWrKvqN/qJx6yoJsgKhblVd+iqqU4RCXavm/jPityDo5TCvKMnpjKnOriy0w==}

  yaml@2.9.1:
    resolution: {integrity: sha512-3NxN8+78OdzbT7C/WjGsyfPAtJaN3FNDsWxv7Y7mcDsT/oOmgW8BpyQQFFBnvZE3j9Y2Sdz1ULFLezL7Eb2yFw==}
    engines: {node: '>= 14.6'}
    hasBin: true

snapshots:

  '@deepseek-ai/cosmokit@1.8.5': {}

  '@deepseek-ai/dsh-client-ui-settings@0.1.7-rc.2':
    dependencies:
      '@deepseek-ai/schemastery': 3.18.4

  '@deepseek-ai/dsh-client-ui-slots@0.1.7-rc.2': {}

  '@deepseek-ai/schemastery@3.18.4':
    dependencies:
      '@deepseek-ai/cosmokit': 1.8.5
      '@standard-schema/spec': 1.1.0

  '@standard-schema/spec@1.1.0': {}

  yaml@2.9.1: {}
